
Microsoft Visual Studio Solution File, Format Version 12.00
# Visual Studio Version 16
VisualStudioVersion = 16.0.34601.136
MinimumVisualStudioVersion = 10.0.40219.1
Project("{888888A0-9F3D-457C-B088-3A5042F75D52}") = "IronQuantificator", "IronQuantificator\IronQuantificator.pyproj", "{D7A91E1A-3C11-4F82-936A-D341A1681F71}"
EndProject
Global
	GlobalSection(SolutionConfigurationPlatforms) = preSolution
		Debug|Any CPU = Debug|Any CPU
		Release|Any CPU = Release|Any CPU
	EndGlobalSection
	GlobalSection(ProjectConfigurationPlatforms) = postSolution
		{D7A91E1A-3C11-4F82-936A-D341A1681F71}.Debug|Any CPU.ActiveCfg = Debug|Any CPU
		{D7A91E1A-3C11-4F82-936A-D341A1681F71}.Release|Any CPU.ActiveCfg = Release|Any CPU
	EndGlobalSection
	GlobalSection(SolutionProperties) = preSolution
		HideSolutionNode = FALSE
	EndGlobalSection
	GlobalSection(ExtensibilityGlobals) = postSolution
		SolutionGuid = {D9D5D55C-E169-4060-8D15-F372DB107E0A}
	EndGlobalSection
EndGlobal
