
Microsoft Visual Studio Solution File, Format Version 12.00
# Visual Studio Version 16
VisualStudioVersion = 16.0.34601.136
MinimumVisualStudioVersion = 10.0.40219.1
Project("{888888A0-9F3D-457C-B088-3A5042F75D52}") = "Iron_ImageManipulator", "Iron_ImageManipulator\Iron_ImageManipulator.pyproj", "{76E71680-D136-4F2F-B2C6-C240345F3224}"
EndProject
Global
	GlobalSection(SolutionConfigurationPlatforms) = preSolution
		Debug|Any CPU = Debug|Any CPU
		Release|Any CPU = Release|Any CPU
	EndGlobalSection
	GlobalSection(ProjectConfigurationPlatforms) = postSolution
		{76E71680-D136-4F2F-B2C6-C240345F3224}.Debug|Any CPU.ActiveCfg = Debug|Any CPU
		{76E71680-D136-4F2F-B2C6-C240345F3224}.Release|Any CPU.ActiveCfg = Release|Any CPU
	EndGlobalSection
	GlobalSection(SolutionProperties) = preSolution
		HideSolutionNode = FALSE
	EndGlobalSection
	GlobalSection(ExtensibilityGlobals) = postSolution
		SolutionGuid = {BEDD17F8-A190-42E2-8B4D-BE6660B2E73A}
	EndGlobalSection
EndGlobal
